
Microsoft Visual Studio Solution File, Format Version 12.00
# Visual Studio Version 17
VisualStudioVersion = 17.3.32819.101
MinimumVisualStudioVersion = 10.0.40219.1
Project("{FAE04EC0-301F-11D3-BF4B-00C04F79EFBC}") = "Basic Loops", "Basic Loops\Basic Loops.csproj", "{D513AF03-C20B-44E4-8AD1-B83324E5CAC4}"
EndProject
Global
	GlobalSection(SolutionConfigurationPlatforms) = preSolution
		Debug|Any CPU = Debug|Any CPU
		Release|Any CPU = Release|Any CPU
	EndGlobalSection
	GlobalSection(ProjectConfigurationPlatforms) = postSolution
		{D513AF03-C20B-44E4-8AD1-B83324E5CAC4}.Debug|Any CPU.ActiveCfg = Debug|Any CPU
		{D513AF03-C20B-44E4-8AD1-B83324E5CAC4}.Debug|Any CPU.Build.0 = Debug|Any CPU
		{D513AF03-C20B-44E4-8AD1-B83324E5CAC4}.Release|Any CPU.ActiveCfg = Release|Any CPU
		{D513AF03-C20B-44E4-8AD1-B83324E5CAC4}.Release|Any CPU.Build.0 = Release|Any CPU
	EndGlobalSection
	GlobalSection(SolutionProperties) = preSolution
		HideSolutionNode = FALSE
	EndGlobalSection
	GlobalSection(ExtensibilityGlobals) = postSolution
		SolutionGuid = {4BC8B8FC-0567-48A2-91E4-AFB9A35FDDB0}
	EndGlobalSection
EndGlobal
